// !$*UTF8*$!
{
	archiveVersion = 1;
	classes = {
	};
	objectVersion = 46;
	objects = {

/* Begin PBXBuildFile section */
		CB2A9D741965855900D01D88 /* AppDelegate.swift in Sources */ = {isa = PBXBuildFile; fileRef = CB2A9D731965855900D01D88 /* AppDelegate.swift */; };
		CB2A9D771965855900D01D88 /* OneDay.xcdatamodeld in Sources */ = {isa = PBXBuildFile; fileRef = CB2A9D751965855900D01D88 /* OneDay.xcdatamodeld */; };
		CB2A9D791965855900D01D88 /* ViewController.swift in Sources */ = {isa = PBXBuildFile; fileRef = CB2A9D781965855900D01D88 /* ViewController.swift */; };
		CB2A9D7C1965855900D01D88 /* Main.storyboard in Resources */ = {isa = PBXBuildFile; fileRef = CB2A9D7A1965855900D01D88 /* Main.storyboard */; };
		CB2A9D7E1965855900D01D88 /* Images.xcassets in Resources */ = {isa = PBXBuildFile; fileRef = CB2A9D7D1965855900D01D88 /* Images.xcassets */; };
/* End PBXBuildFile section */

/* Begin PBXContainerItemProxy section */
		CB2A9D841965855900D01D88 /* PBXContainerItemProxy */ = {
			isa = PBXContainerItemProxy;
			containerPortal = CB2A9D661965855900D01D88 /* Project object */;
			proxyType = 1;
			remoteGlobalIDString = CB2A9D6D1965855900D01D88;
			remoteInfo = OneDay;
		};
		CB2A9D931965858300D01D88 /* PBXContainerItemProxy */ = {
			isa = PBXContainerItemProxy;
			containerPortal = CB2A9D661965855900D01D88 /* Project object */;
			proxyType = 1;
			remoteGlobalIDString = CB2A9D6D1965855900D01D88;
			remoteInfo = OneDay;
		};
/* End PBXContainerItemProxy section */

/* Begin PBXFileReference section */
		CB2A9D6E1965855900D01D88 /* OneDay.app */ = {isa = PBXFileReference; explicitFileType = wrapper.application; includeInIndex = 0; path = OneDay.app; sourceTree = BUILT_PRODUCTS_DIR; };
		CB2A9D721965855900D01D88 /* Info.plist */ = {isa = PBXFileReference; lastKnownFileType = text.plist.xml; path = Info.plist; sourceTree = "<group>"; };
		CB2A9D731965855900D01D88 /* AppDelegate.swift */ = {isa = PBXFileReference; lastKnownFileType = sourcecode.swift; path = AppDelegate.swift; sourceTree = "<group>"; };
		CB2A9D761965855900D01D88 /* OneDay.xcdatamodel */ = {isa = PBXFileReference; lastKnownFileType = wrapper.xcdatamodel; path = OneDay.xcdatamodel; sourceTree = "<group>"; };
		CB2A9D781965855900D01D88 /* ViewController.swift */ = {isa = PBXFileReference; lastKnownFileType = sourcecode.swift; path = ViewController.swift; sourceTree = "<group>"; };
		CB2A9D7B1965855900D01D88 /* Base */ = {isa = PBXFileReference; lastKnownFileType = file.storyboard; name = Base; path = Base.lproj/Main.storyboard; sourceTree = "<group>"; };
		CB2A9D7D1965855900D01D88 /* Images.xcassets */ = {isa = PBXFileReference; lastKnownFileType = folder.assetcatalog; path = Images.xcassets; sourceTree = "<group>"; };
		CB2A9D831965855900D01D88 /* OneDayTests.xctest */ = {isa = PBXFileReference; explicitFileType = wrapper.cfbundle; includeInIndex = 0; path = OneDayTests.xctest; sourceTree = BUILT_PRODUCTS_DIR; };
/* End PBXFileReference section */

/* Begin PBXFrameworksBuildPhase section */
		CB2A9D6B1965855900D01D88 /* Frameworks */ = {
			isa = PBXFrameworksBuildPhase;
			buildActionMask = 2147483647;
			files = (
			);
			runOnlyForDeploymentPostprocessing = 0;
		};
		CB2A9D801965855900D01D88 /* Frameworks */ = {
			isa = PBXFrameworksBuildPhase;
			buildActionMask = 2147483647;
			files = (
			);
			runOnlyForDeploymentPostprocessing = 0;
		};
/* End PBXFrameworksBuildPhase section */

/* Begin PBXGroup section */
		CB2A9D651965855900D01D88 = {
			isa = PBXGroup;
			children = (
				CB2A9D701965855900D01D88 /* OneDay */,
				CB2A9D6F1965855900D01D88 /* Products */,
			);
			sourceTree = "<group>";
		};
		CB2A9D6F1965855900D01D88 /* Products */ = {
			isa = PBXGroup;
			children = (
				CB2A9D6E1965855900D01D88 /* OneDay.app */,
				CB2A9D831965855900D01D88 /* OneDayTests.xctest */,
			);
			name = Products;
			sourceTree = "<group>";
		};
		CB2A9D701965855900D01D88 /* OneDay */ = {
			isa = PBXGroup;
			children = (
				CB2A9D731965855900D01D88 /* AppDelegate.swift */,
				CB2A9D781965855900D01D88 /* ViewController.swift */,
				CB2A9D7A1965855900D01D88 /* Main.storyboard */,
				CB2A9D7D1965855900D01D88 /* Images.xcassets */,
				CB2A9D751965855900D01D88 /* OneDay.xcdatamodeld */,
				CB2A9D711965855900D01D88 /* Supporting Files */,
			);
			path = OneDay;
			sourceTree = "<group>";
		};
		CB2A9D711965855900D01D88 /* Supporting Files */ = {
			isa = PBXGroup;
			children = (
				CB2A9D721965855900D01D88 /* Info.plist */,
			);
			name = "Supporting Files";
			sourceTree = "<group>";
		};
/* End PBXGroup section */

/* Begin PBXNativeTarget section */
		CB2A9D6D1965855900D01D88 /* OneDay */ = {
			isa = PBXNativeTarget;
			buildConfigurationList = CB2A9D8D1965855900D01D88 /* Build configuration list for PBXNativeTarget "OneDay" */;
			buildPhases = (
				CB2A9D6A1965855900D01D88 /* Sources */,
				CB2A9D6B1965855900D01D88 /* Frameworks */,
				CB2A9D6C1965855900D01D88 /* Resources */,
			);
			buildRules = (
			);
			dependencies = (
			);
			name = OneDay;
			productName = OneDay;
			productReference = CB2A9D6E1965855900D01D88 /* OneDay.app */;
			productType = "com.apple.product-type.application";
		};
		CB2A9D821965855900D01D88 /* OneDayTests */ = {
			isa = PBXNativeTarget;
			buildConfigurationList = CB2A9D901965855900D01D88 /* Build configuration list for PBXNativeTarget "OneDayTests" */;
			buildPhases = (
				CB2A9D7F1965855900D01D88 /* Sources */,
				CB2A9D801965855900D01D88 /* Frameworks */,
				CB2A9D811965855900D01D88 /* Resources */,
			);
			buildRules = (
			);
			dependencies = (
				CB2A9D851965855900D01D88 /* PBXTargetDependency */,
				CB2A9D941965858300D01D88 /* PBXTargetDependency */,
			);
			name = OneDayTests;
			productName = OneDayTests;
			productReference = CB2A9D831965855900D01D88 /* OneDayTests.xctest */;
			productType = "com.apple.product-type.bundle.unit-test";
		};
/* End PBXNativeTarget section */

/* Begin PBXProject section */
		CB2A9D661965855900D01D88 /* Project object */ = {
			isa = PBXProject;
			attributes = {
				LastUpgradeCheck = 0600;
				ORGANIZATIONNAME = onebox;
				TargetAttributes = {
					CB2A9D6D1965855900D01D88 = {
						CreatedOnToolsVersion = 6.0;
					};
					CB2A9D821965855900D01D88 = {
						CreatedOnToolsVersion = 6.0;
						TestTargetID = CB2A9D6D1965855900D01D88;
					};
				};
			};
			buildConfigurationList = CB2A9D691965855900D01D88 /* Build configuration list for PBXProject "OneDay" */;
			compatibilityVersion = "Xcode 3.2";
			developmentRegion = English;
			hasScannedForEncodings = 0;
			knownRegions = (
				en,
				Base,
			);
			mainGroup = CB2A9D651965855900D01D88;
			productRefGroup = CB2A9D6F1965855900D01D88 /* Products */;
			projectDirPath = "";
			projectRoot = "";
			targets = (
				CB2A9D6D1965855900D01D88 /* OneDay */,
				CB2A9D821965855900D01D88 /* OneDayTests */,
			);
		};
/* End PBXProject section */

/* Begin PBXResourcesBuildPhase section */
		CB2A9D6C1965855900D01D88 /* Resources */ = {
			isa = PBXResourcesBuildPhase;
			buildActionMask = 2147483647;
			files = (
				CB2A9D7C1965855900D01D88 /* Main.storyboard in Resources */,
				CB2A9D7E1965855900D01D88 /* Images.xcassets in Resources */,
			);
			runOnlyForDeploymentPostprocessing = 0;
		};
		CB2A9D811965855900D01D88 /* Resources */ = {
			isa = PBXResourcesBuildPhase;
			buildActionMask = 2147483647;
			files = (
			);
			runOnlyForDeploymentPostprocessing = 0;
		};
/* End PBXResourcesBuildPhase section */

/* Begin PBXSourcesBuildPhase section */
		CB2A9D6A1965855900D01D88 /* Sources */ = {
			isa = PBXSourcesBuildPhase;
			buildActionMask = 2147483647;
			files = (
				CB2A9D791965855900D01D88 /* ViewController.swift in Sources */,
				CB2A9D741965855900D01D88 /* AppDelegate.swift in Sources */,
				CB2A9D771965855900D01D88 /* OneDay.xcdatamodeld in Sources */,
			);
			runOnlyForDeploymentPostprocessing = 0;
		};
		CB2A9D7F1965855900D01D88 /* Sources */ = {
			isa = PBXSourcesBuildPhase;
			buildActionMask = 2147483647;
			files = (
			);
			runOnlyForDeploymentPostprocessing = 0;
		};
/* End PBXSourcesBuildPhase section */

/* Begin PBXTargetDependency section */
		CB2A9D851965855900D01D88 /* PBXTargetDependency */ = {
			isa = PBXTargetDependency;
			target = CB2A9D6D1965855900D01D88 /* OneDay */;
			targetProxy = CB2A9D841965855900D01D88 /* PBXContainerItemProxy */;
		};
		CB2A9D941965858300D01D88 /* PBXTargetDependency */ = {
			isa = PBXTargetDependency;
			target = CB2A9D6D1965855900D01D88 /* OneDay */;
			targetProxy = CB2A9D931965858300D01D88 /* PBXContainerItemProxy */;
		};
/* End PBXTargetDependency section */

/* Begin PBXVariantGroup section */
		CB2A9D7A1965855900D01D88 /* Main.storyboard */ = {
			isa = PBXVariantGroup;
			children = (
				CB2A9D7B1965855900D01D88 /* Base */,
			);
			name = Main.storyboard;
			sourceTree = "<group>";
		};
/* End PBXVariantGroup section */

/* Begin XCBuildConfiguration section */
		CB2A9D8B1965855900D01D88 /* Debug */ = {
			isa = XCBuildConfiguration;
			buildSettings = {
				ALWAYS_SEARCH_USER_PATHS = NO;
				CLANG_CXX_LANGUAGE_STANDARD = "gnu++0x";
				CLANG_CXX_LIBRARY = "libc++";
				CLANG_ENABLE_MODULES = YES;
				CLANG_ENABLE_OBJC_ARC = YES;
				CLANG_WARN_BOOL_CONVERSION = YES;
				CLANG_WARN_CONSTANT_CONVERSION = YES;
				CLANG_WARN_DIRECT_OBJC_ISA_USAGE = YES_ERROR;
				CLANG_WARN_EMPTY_BODY = YES;
				CLANG_WARN_ENUM_CONVERSION = YES;
				CLANG_WARN_INT_CONVERSION = YES;
				CLANG_WARN_OBJC_ROOT_CLASS = YES_ERROR;
				CLANG_WARN_UNREACHABLE_CODE = YES;
				CLANG_WARN__DUPLICATE_METHOD_MATCH = YES;
				"CODE_SIGN_IDENTITY[sdk=iphoneos*]" = "iPhone Developer";
				COPY_PHASE_STRIP = NO;
				ENABLE_STRICT_OBJC_MSGSEND = YES;
				GCC_C_LANGUAGE_STANDARD = gnu99;
				GCC_DYNAMIC_NO_PIC = NO;
				GCC_OPTIMIZATION_LEVEL = 0;
				GCC_PREPROCESSOR_DEFINITIONS = (
					"DEBUG=1",
					"$(inherited)",
				);
				GCC_SYMBOLS_PRIVATE_EXTERN = NO;
				GCC_WARN_64_TO_32_BIT_CONVERSION = YES;
				GCC_WARN_ABOUT_RETURN_TYPE = YES_ERROR;
				GCC_WARN_UNDECLARED_SELECTOR = YES;
				GCC_WARN_UNINITIALIZED_AUTOS = YES_AGGRESSIVE;
				GCC_WARN_UNUSED_FUNCTION = YES;
				GCC_WARN_UNUSED_VARIABLE = YES;
				IPHONEOS_DEPLOYMENT_TARGET = 8.0;
				METAL_ENABLE_DEBUG_INFO = YES;
				ONLY_ACTIVE_ARCH = YES;
				SDKROOT = iphoneos;
				SWIFT_OPTIMIZATION_LEVEL = "-Onone";
				TARGETED_DEVICE_FAMILY = "1,2";
			};
			name = Debug;
		};
		CB2A9D8C1965855900D01D88 /* Release */ = {
			isa = XCBuildConfiguration;
			buildSettings = {
				ALWAYS_SEARCH_USER_PATHS = NO;
				CLANG_CXX_LANGUAGE_STANDARD = "gnu++0x";
				CLANG_CXX_LIBRARY = "libc++";
				CLANG_ENABLE_MODULES = YES;
				CLANG_ENABLE_OBJC_ARC = YES;
				CLANG_WARN_BOOL_CONVERSION = YES;
				CLANG_WARN_CONSTANT_CONVERSION = YES;
				CLANG_WARN_DIRECT_OBJC_ISA_USAGE = YES_ERROR;
				CLANG_WARN_EMPTY_BODY = YES;
				CLANG_WARN_ENUM_CONVERSION = YES;
				CLANG_WARN_INT_CONVERSION = YES;
				CLANG_WARN_OBJC_ROOT_CLASS = YES_ERROR;
				CLANG_WARN_UNREACHABLE_CODE = YES;
				CLANG_WARN__DUPLICATE_METHOD_MATCH = YES;
				"CODE_SIGN_IDENTITY[sdk=iphoneos*]" = "iPhone Developer";
				COPY_PHASE_STRIP = YES;
				ENABLE_NS_ASSERTIONS = NO;
				ENABLE_STRICT_OBJC_MSGSEND = YES;
				GCC_C_LANGUAGE_STANDARD = gnu99;
				GCC_WARN_64_TO_32_BIT_CONVERSION = YES;
				GCC_WARN_ABOUT_RETURN_TYPE = YES_ERROR;
				GCC_WARN_UNDECLARED_SELECTOR = YES;
				GCC_WARN_UNINITIALIZED_AUTOS = YES_AGGRESSIVE;
				GCC_WARN_UNUSED_FUNCTION = YES;
				GCC_WARN_UNUSED_VARIABLE = YES;
				IPHONEOS_DEPLOYMENT_TARGET = 8.0;
				METAL_ENABLE_DEBUG_INFO = NO;
				SDKROOT = iphoneos;
				TARGETED_DEVICE_FAMILY = "1,2";
				VALIDATE_PRODUCT = YES;
			};
			name = Release;
		};
		CB2A9D8E1965855900D01D88 /* Debug */ = {
			isa = XCBuildConfiguration;
			buildSettings = {
				ASSETCATALOG_COMPILER_APPICON_NAME = AppIcon;
				ASSETCATALOG_COMPILER_LAUNCHIMAGE_NAME = LaunchImage;
				INFOPLIST_FILE = OneDay/Info.plist;
				LD_RUNPATH_SEARCH_PATHS = "$(inherited) @executable_path/Frameworks";
				PRODUCT_NAME = "$(TARGET_NAME)";
			};
			name = Debug;
		};
		CB2A9D8F1965855900D01D88 /* Release */ = {
			isa = XCBuildConfiguration;
			buildSettings = {
				ASSETCATALOG_COMPILER_APPICON_NAME = AppIcon;
				ASSETCATALOG_COMPILER_LAUNCHIMAGE_NAME = LaunchImage;
				INFOPLIST_FILE = OneDay/Info.plist;
				LD_RUNPATH_SEARCH_PATHS = "$(inherited) @executable_path/Frameworks";
				PRODUCT_NAME = "$(TARGET_NAME)";
			};
			name = Release;
		};
		CB2A9D911965855900D01D88 /* Debug */ = {
			isa = XCBuildConfiguration;
			buildSettings = {
				BUNDLE_LOADER = "$(BUILT_PRODUCTS_DIR)/OneDay.app/OneDay";
				FRAMEWORK_SEARCH_PATHS = (
					"$(SDKROOT)/Developer/Library/Frameworks",
					"$(inherited)",
				);
				GCC_PREPROCESSOR_DEFINITIONS = (
					"DEBUG=1",
					"$(inherited)",
				);
				INFOPLIST_FILE = OneDayTests/Info.plist;
				LD_RUNPATH_SEARCH_PATHS = "$(inherited) @executable_path/Frameworks @loader_path/Frameworks";
				METAL_ENABLE_DEBUG_INFO = YES;
				PRODUCT_NAME = "$(TARGET_NAME)";
				TEST_HOST = "$(BUNDLE_LOADER)";
			};
			name = Debug;
		};
		CB2A9D921965855900D01D88 /* Release */ = {
			isa = XCBuildConfiguration;
			buildSettings = {
				BUNDLE_LOADER = "$(BUILT_PRODUCTS_DIR)/OneDay.app/OneDay";
				FRAMEWORK_SEARCH_PATHS = (
					"$(SDKROOT)/Developer/Library/Frameworks",
					"$(inherited)",
				);
				INFOPLIST_FILE = OneDayTests/Info.plist;
				LD_RUNPATH_SEARCH_PATHS = "$(inherited) @executable_path/Frameworks @loader_path/Frameworks";
				METAL_ENABLE_DEBUG_INFO = NO;
				PRODUCT_NAME = "$(TARGET_NAME)";
				TEST_HOST = "$(BUNDLE_LOADER)";
			};
			name = Release;
		};
/* End XCBuildConfiguration section */

/* Begin XCConfigurationList section */
		CB2A9D691965855900D01D88 /* Build configuration list for PBXProject "OneDay" */ = {
			isa = XCConfigurationList;
			buildConfigurations = (
				CB2A9D8B1965855900D01D88 /* Debug */,
				CB2A9D8C1965855900D01D88 /* Release */,
			);
			defaultConfigurationIsVisible = 0;
			defaultConfigurationName = Release;
		};
		CB2A9D8D1965855900D01D88 /* Build configuration list for PBXNativeTarget "OneDay" */ = {
			isa = XCConfigurationList;
			buildConfigurations = (
				CB2A9D8E1965855900D01D88 /* Debug */,
				CB2A9D8F1965855900D01D88 /* Release */,
			);
			defaultConfigurationIsVisible = 0;
		};
		CB2A9D901965855900D01D88 /* Build configuration list for PBXNativeTarget "OneDayTests" */ = {
			isa = XCConfigurationList;
			buildConfigurations = (
				CB2A9D911965855900D01D88 /* Debug */,
				CB2A9D921965855900D01D88 /* Release */,
			);
			defaultConfigurationIsVisible = 0;
		};
/* End XCConfigurationList section */

/* Begin XCVersionGroup section */
		CB2A9D751965855900D01D88 /* OneDay.xcdatamodeld */ = {
			isa = XCVersionGroup;
			children = (
				CB2A9D761965855900D01D88 /* OneDay.xcdatamodel */,
			);
			currentVersion = CB2A9D761965855900D01D88 /* OneDay.xcdatamodel */;
			path = OneDay.xcdatamodeld;
			sourceTree = "<group>";
			versionGroupType = wrapper.xcdatamodel;
		};
/* End XCVersionGroup section */
	};
	rootObject = CB2A9D661965855900D01D88 /* Project object */;
}
